
Microsoft Visual Studio Solution File, Format Version 12.00
# Visual Studio Version 17
VisualStudioVersion = 17.11.35222.181
MinimumVisualStudioVersion = 10.0.40219.1
Project("{FAE04EC0-301F-11D3-BF4B-00C04F79EFBC}") = "FunctionApp1", "FunctionApp1\FunctionApp1.csproj", "{44A58991-D19F-4A5F-8A00-DF0E341825F9}"
EndProject
Global
	GlobalSection(SolutionConfigurationPlatforms) = preSolution
		Debug|Any CPU = Debug|Any CPU
		Release|Any CPU = Release|Any CPU
	EndGlobalSection
	GlobalSection(ProjectConfigurationPlatforms) = postSolution
		{44A58991-D19F-4A5F-8A00-DF0E341825F9}.Debug|Any CPU.ActiveCfg = Debug|Any CPU
		{44A58991-D19F-4A5F-8A00-DF0E341825F9}.Debug|Any CPU.Build.0 = Debug|Any CPU
		{44A58991-D19F-4A5F-8A00-DF0E341825F9}.Release|Any CPU.ActiveCfg = Release|Any CPU
		{44A58991-D19F-4A5F-8A00-DF0E341825F9}.Release|Any CPU.Build.0 = Release|Any CPU
	EndGlobalSection
	GlobalSection(SolutionProperties) = preSolution
		HideSolutionNode = FALSE
	EndGlobalSection
	GlobalSection(ExtensibilityGlobals) = postSolution
		SolutionGuid = {EAF6C4C2-F188-4AEB-A877-B5182E110EAF}
	EndGlobalSection
EndGlobal
