
Microsoft Visual Studio Solution File, Format Version 12.00
# Visual Studio Version 17
VisualStudioVersion = 17.11.35222.181
MinimumVisualStudioVersion = 10.0.40219.1
Project("{FAE04EC0-301F-11D3-BF4B-00C04F79EFBC}") = "AzureFunctionsAppExemplo", "AzureFunctionsAppExemplo\AzureFunctionsAppExemplo.csproj", "{662F7FCD-1343-40B9-AE60-F2A81346F9A9}"
EndProject
Global
	GlobalSection(SolutionConfigurationPlatforms) = preSolution
		Debug|Any CPU = Debug|Any CPU
		Release|Any CPU = Release|Any CPU
	EndGlobalSection
	GlobalSection(ProjectConfigurationPlatforms) = postSolution
		{662F7FCD-1343-40B9-AE60-F2A81346F9A9}.Debug|Any CPU.ActiveCfg = Debug|Any CPU
		{662F7FCD-1343-40B9-AE60-F2A81346F9A9}.Debug|Any CPU.Build.0 = Debug|Any CPU
		{662F7FCD-1343-40B9-AE60-F2A81346F9A9}.Release|Any CPU.ActiveCfg = Release|Any CPU
		{662F7FCD-1343-40B9-AE60-F2A81346F9A9}.Release|Any CPU.Build.0 = Release|Any CPU
	EndGlobalSection
	GlobalSection(SolutionProperties) = preSolution
		HideSolutionNode = FALSE
	EndGlobalSection
	GlobalSection(ExtensibilityGlobals) = postSolution
		SolutionGuid = {FCA87D2A-9480-4A67-B81D-D6F1F91098D9}
	EndGlobalSection
EndGlobal
