
Microsoft Visual Studio Solution File, Format Version 12.00
# Visual Studio Version 17
VisualStudioVersion = 17.11.35222.181
MinimumVisualStudioVersion = 10.0.40219.1
Project("{FAE04EC0-301F-11D3-BF4B-00C04F79EFBC}") = "WatchPortalFunction", "WatchPortalFunction\WatchPortalFunction.csproj", "{EDE1D802-ED69-4004-9551-DA5CC0668016}"
EndProject
Project("{FAE04EC0-301F-11D3-BF4B-00C04F79EFBC}") = "WatchFunctionsTests", "WatchFunctionsTests\WatchFunctionsTests.csproj", "{CB7DAF11-A746-4EF5-84B7-5E754B952BA0}"
EndProject
Global
	GlobalSection(SolutionConfigurationPlatforms) = preSolution
		Debug|Any CPU = Debug|Any CPU
		Release|Any CPU = Release|Any CPU
	EndGlobalSection
	GlobalSection(ProjectConfigurationPlatforms) = postSolution
		{EDE1D802-ED69-4004-9551-DA5CC0668016}.Debug|Any CPU.ActiveCfg = Debug|Any CPU
		{EDE1D802-ED69-4004-9551-DA5CC0668016}.Debug|Any CPU.Build.0 = Debug|Any CPU
		{EDE1D802-ED69-4004-9551-DA5CC0668016}.Release|Any CPU.ActiveCfg = Release|Any CPU
		{EDE1D802-ED69-4004-9551-DA5CC0668016}.Release|Any CPU.Build.0 = Release|Any CPU
		{CB7DAF11-A746-4EF5-84B7-5E754B952BA0}.Debug|Any CPU.ActiveCfg = Debug|Any CPU
		{CB7DAF11-A746-4EF5-84B7-5E754B952BA0}.Debug|Any CPU.Build.0 = Debug|Any CPU
		{CB7DAF11-A746-4EF5-84B7-5E754B952BA0}.Release|Any CPU.ActiveCfg = Release|Any CPU
		{CB7DAF11-A746-4EF5-84B7-5E754B952BA0}.Release|Any CPU.Build.0 = Release|Any CPU
	EndGlobalSection
	GlobalSection(SolutionProperties) = preSolution
		HideSolutionNode = FALSE
	EndGlobalSection
	GlobalSection(ExtensibilityGlobals) = postSolution
		SolutionGuid = {99577EBB-BCCF-4EF7-80F7-33EE38FBF957}
	EndGlobalSection
EndGlobal
